{
	"name": "steam-totp-server",
	"requires": true,
	"lockfileVersion": 1,
	"dependencies": {
		"steam-totp": {
			"version": "2.1.1",
			"resolved": "https://registry.npmjs.org/steam-totp/-/steam-totp-2.1.1.tgz",
			"integrity": "sha512-d+tjnr3wwDkbrKFxjYZ0uK4CSF09oJwCmlGH8SdOlTDkbtBPuNhPKY0XzZxQVltZF6/JkEYj+uz+kBr6UrY7BQ=="
		}
	}
}
